{
  "name": "turkish-lira-number-to-text-converter",
  "version": "0.1.0-alpha.1",
  "lockfileVersion": 3,
  "requires": true,
  "packages": {
    "": {
      "name": "turkish-lira-number-to-text-converter",
      "version": "0.1.0-alpha.1",
      "license": "MIT",
      "engines": {
        "node": ">=18"
      }
    }
  }
}
